
Microsoft Visual Studio Solution File, Format Version 12.00
# Visual Studio 2013
VisualStudioVersion = 12.0.30110.0
MinimumVisualStudioVersion = 10.0.40219.1
Project("{FAE04EC0-301F-11D3-BF4B-00C04F79EFBC}") = "Core", "Core\Core.csproj", "{24043745-AF71-41C7-B998-DC568F215F02}"
EndProject
Project("{FAE04EC0-301F-11D3-BF4B-00C04F79EFBC}") = "TestConsole", "TestConsole\TestConsole.csproj", "{19AD43D6-31A2-4670-B054-7618EBD7F20A}"
EndProject
Global
	GlobalSection(SolutionConfigurationPlatforms) = preSolution
		Debug|Any CPU = Debug|Any CPU
		Release|Any CPU = Release|Any CPU
	EndGlobalSection
	GlobalSection(ProjectConfigurationPlatforms) = postSolution
		{24043745-AF71-41C7-B998-DC568F215F02}.Debug|Any CPU.ActiveCfg = Debug|Any CPU
		{24043745-AF71-41C7-B998-DC568F215F02}.Debug|Any CPU.Build.0 = Debug|Any CPU
		{24043745-AF71-41C7-B998-DC568F215F02}.Release|Any CPU.ActiveCfg = Release|Any CPU
		{24043745-AF71-41C7-B998-DC568F215F02}.Release|Any CPU.Build.0 = Release|Any CPU
		{19AD43D6-31A2-4670-B054-7618EBD7F20A}.Debug|Any CPU.ActiveCfg = Debug|Any CPU
		{19AD43D6-31A2-4670-B054-7618EBD7F20A}.Debug|Any CPU.Build.0 = Debug|Any CPU
		{19AD43D6-31A2-4670-B054-7618EBD7F20A}.Release|Any CPU.ActiveCfg = Release|Any CPU
		{19AD43D6-31A2-4670-B054-7618EBD7F20A}.Release|Any CPU.Build.0 = Release|Any CPU
	EndGlobalSection
	GlobalSection(SolutionProperties) = preSolution
		HideSolutionNode = FALSE
	EndGlobalSection
EndGlobal
